
Microsoft Visual Studio Solution File, Format Version 12.00
# Visual Studio 15
VisualStudioVersion = 15.0.26730.12
MinimumVisualStudioVersion = 10.0.40219.1
Project("{FAE04EC0-301F-11D3-BF4B-00C04F79EFBC}") = "Plutorover", "Plutorover\Plutorover.csproj", "{3217EBB8-1398-45C7-A55F-0479F64F8C1A}"
EndProject
Project("{FAE04EC0-301F-11D3-BF4B-00C04F79EFBC}") = "UnitTestProject1", "UnitTestProject1\UnitTestProject1.csproj", "{87FABC5F-EEE6-4A6E-9CA2-8F4DED6862D1}"
EndProject
Global
	GlobalSection(SolutionConfigurationPlatforms) = preSolution
		Debug|Any CPU = Debug|Any CPU
		Release|Any CPU = Release|Any CPU
	EndGlobalSection
	GlobalSection(ProjectConfigurationPlatforms) = postSolution
		{3217EBB8-1398-45C7-A55F-0479F64F8C1A}.Debug|Any CPU.ActiveCfg = Debug|Any CPU
		{3217EBB8-1398-45C7-A55F-0479F64F8C1A}.Debug|Any CPU.Build.0 = Debug|Any CPU
		{3217EBB8-1398-45C7-A55F-0479F64F8C1A}.Release|Any CPU.ActiveCfg = Release|Any CPU
		{3217EBB8-1398-45C7-A55F-0479F64F8C1A}.Release|Any CPU.Build.0 = Release|Any CPU
		{87FABC5F-EEE6-4A6E-9CA2-8F4DED6862D1}.Debug|Any CPU.ActiveCfg = Debug|Any CPU
		{87FABC5F-EEE6-4A6E-9CA2-8F4DED6862D1}.Debug|Any CPU.Build.0 = Debug|Any CPU
		{87FABC5F-EEE6-4A6E-9CA2-8F4DED6862D1}.Release|Any CPU.ActiveCfg = Release|Any CPU
		{87FABC5F-EEE6-4A6E-9CA2-8F4DED6862D1}.Release|Any CPU.Build.0 = Release|Any CPU
	EndGlobalSection
	GlobalSection(SolutionProperties) = preSolution
		HideSolutionNode = FALSE
	EndGlobalSection
	GlobalSection(ExtensibilityGlobals) = postSolution
		SolutionGuid = {D246F9D1-9D9B-49B6-9348-24DBF4061D09}
	EndGlobalSection
EndGlobal
